
Microsoft Visual Studio Solution File, Format Version 12.00
# Visual Studio Version 16
VisualStudioVersion = 16.0.30611.23
MinimumVisualStudioVersion = 10.0.40219.1
Project("{9A19103F-16F7-4668-BE54-9A1E7A4F7556}") = "OdeToFood", "OdeToFood\OdeToFood.csproj", "{8052643E-5007-4358-8873-4BA880E9D21A}"
EndProject
Project("{9A19103F-16F7-4668-BE54-9A1E7A4F7556}") = "OdeToFood.Core", "OdeToFood.Core\OdeToFood.Core.csproj", "{D3DB75AA-0781-461D-B1D3-E82BB2A4BCBF}"
EndProject
Project("{9A19103F-16F7-4668-BE54-9A1E7A4F7556}") = "OdeToFood.Data", "OdeToFood.Data\OdeToFood.Data.csproj", "{712EFDCF-8D39-4E18-BB85-AC62418CE225}"
EndProject
Global
	GlobalSection(SolutionConfigurationPlatforms) = preSolution
		Debug|Any CPU = Debug|Any CPU
		Release|Any CPU = Release|Any CPU
	EndGlobalSection
	GlobalSection(ProjectConfigurationPlatforms) = postSolution
		{8052643E-5007-4358-8873-4BA880E9D21A}.Debug|Any CPU.ActiveCfg = Debug|Any CPU
		{8052643E-5007-4358-8873-4BA880E9D21A}.Debug|Any CPU.Build.0 = Debug|Any CPU
		{8052643E-5007-4358-8873-4BA880E9D21A}.Release|Any CPU.ActiveCfg = Release|Any CPU
		{8052643E-5007-4358-8873-4BA880E9D21A}.Release|Any CPU.Build.0 = Release|Any CPU
		{D3DB75AA-0781-461D-B1D3-E82BB2A4BCBF}.Debug|Any CPU.ActiveCfg = Debug|Any CPU
		{D3DB75AA-0781-461D-B1D3-E82BB2A4BCBF}.Debug|Any CPU.Build.0 = Debug|Any CPU
		{D3DB75AA-0781-461D-B1D3-E82BB2A4BCBF}.Release|Any CPU.ActiveCfg = Release|Any CPU
		{D3DB75AA-0781-461D-B1D3-E82BB2A4BCBF}.Release|Any CPU.Build.0 = Release|Any CPU
		{712EFDCF-8D39-4E18-BB85-AC62418CE225}.Debug|Any CPU.ActiveCfg = Debug|Any CPU
		{712EFDCF-8D39-4E18-BB85-AC62418CE225}.Debug|Any CPU.Build.0 = Debug|Any CPU
		{712EFDCF-8D39-4E18-BB85-AC62418CE225}.Release|Any CPU.ActiveCfg = Release|Any CPU
		{712EFDCF-8D39-4E18-BB85-AC62418CE225}.Release|Any CPU.Build.0 = Release|Any CPU
	EndGlobalSection
	GlobalSection(SolutionProperties) = preSolution
		HideSolutionNode = FALSE
	EndGlobalSection
	GlobalSection(ExtensibilityGlobals) = postSolution
		SolutionGuid = {02D18590-D0F5-41BB-A726-F9AA77ED2832}
	EndGlobalSection
EndGlobal
