
Microsoft Visual Studio Solution File, Format Version 12.00
# Visual Studio 15
VisualStudioVersion = 15.0.26124.0
MinimumVisualStudioVersion = 15.0.26124.0
Project("{2150E333-8FDC-42A3-9474-1A3956D46DE8}") = "src", "src", "{CCB23F95-20A7-44AF-B5BF-C61F27DED7DF}"
EndProject
Project("{FAE04EC0-301F-11D3-BF4B-00C04F79EFBC}") = "GradeBook", "src\GradeBook\GradeBook.csproj", "{E0AC1220-E512-4DB6-8F08-D49B166E8A83}"
EndProject
Project("{2150E333-8FDC-42A3-9474-1A3956D46DE8}") = "test", "test", "{55BBEDC2-0252-433C-90D6-6455331D8E9A}"
EndProject
Project("{FAE04EC0-301F-11D3-BF4B-00C04F79EFBC}") = "GradeBook.Tests", "test\GradeBook.Tests\GradeBook.Tests.csproj", "{A8630963-52BA-40CA-884C-A75AFE415A91}"
EndProject
Global
	GlobalSection(SolutionConfigurationPlatforms) = preSolution
		Debug|Any CPU = Debug|Any CPU
		Debug|x64 = Debug|x64
		Debug|x86 = Debug|x86
		Release|Any CPU = Release|Any CPU
		Release|x64 = Release|x64
		Release|x86 = Release|x86
	EndGlobalSection
	GlobalSection(SolutionProperties) = preSolution
		HideSolutionNode = FALSE
	EndGlobalSection
	GlobalSection(ProjectConfigurationPlatforms) = postSolution
		{E0AC1220-E512-4DB6-8F08-D49B166E8A83}.Debug|Any CPU.ActiveCfg = Debug|Any CPU
		{E0AC1220-E512-4DB6-8F08-D49B166E8A83}.Debug|Any CPU.Build.0 = Debug|Any CPU
		{E0AC1220-E512-4DB6-8F08-D49B166E8A83}.Debug|x64.ActiveCfg = Debug|Any CPU
		{E0AC1220-E512-4DB6-8F08-D49B166E8A83}.Debug|x64.Build.0 = Debug|Any CPU
		{E0AC1220-E512-4DB6-8F08-D49B166E8A83}.Debug|x86.ActiveCfg = Debug|Any CPU
		{E0AC1220-E512-4DB6-8F08-D49B166E8A83}.Debug|x86.Build.0 = Debug|Any CPU
		{E0AC1220-E512-4DB6-8F08-D49B166E8A83}.Release|Any CPU.ActiveCfg = Release|Any CPU
		{E0AC1220-E512-4DB6-8F08-D49B166E8A83}.Release|Any CPU.Build.0 = Release|Any CPU
		{E0AC1220-E512-4DB6-8F08-D49B166E8A83}.Release|x64.ActiveCfg = Release|Any CPU
		{E0AC1220-E512-4DB6-8F08-D49B166E8A83}.Release|x64.Build.0 = Release|Any CPU
		{E0AC1220-E512-4DB6-8F08-D49B166E8A83}.Release|x86.ActiveCfg = Release|Any CPU
		{E0AC1220-E512-4DB6-8F08-D49B166E8A83}.Release|x86.Build.0 = Release|Any CPU
		{A8630963-52BA-40CA-884C-A75AFE415A91}.Debug|Any CPU.ActiveCfg = Debug|Any CPU
		{A8630963-52BA-40CA-884C-A75AFE415A91}.Debug|Any CPU.Build.0 = Debug|Any CPU
		{A8630963-52BA-40CA-884C-A75AFE415A91}.Debug|x64.ActiveCfg = Debug|Any CPU
		{A8630963-52BA-40CA-884C-A75AFE415A91}.Debug|x64.Build.0 = Debug|Any CPU
		{A8630963-52BA-40CA-884C-A75AFE415A91}.Debug|x86.ActiveCfg = Debug|Any CPU
		{A8630963-52BA-40CA-884C-A75AFE415A91}.Debug|x86.Build.0 = Debug|Any CPU
		{A8630963-52BA-40CA-884C-A75AFE415A91}.Release|Any CPU.ActiveCfg = Release|Any CPU
		{A8630963-52BA-40CA-884C-A75AFE415A91}.Release|Any CPU.Build.0 = Release|Any CPU
		{A8630963-52BA-40CA-884C-A75AFE415A91}.Release|x64.ActiveCfg = Release|Any CPU
		{A8630963-52BA-40CA-884C-A75AFE415A91}.Release|x64.Build.0 = Release|Any CPU
		{A8630963-52BA-40CA-884C-A75AFE415A91}.Release|x86.ActiveCfg = Release|Any CPU
		{A8630963-52BA-40CA-884C-A75AFE415A91}.Release|x86.Build.0 = Release|Any CPU
	EndGlobalSection
	GlobalSection(NestedProjects) = preSolution
		{E0AC1220-E512-4DB6-8F08-D49B166E8A83} = {CCB23F95-20A7-44AF-B5BF-C61F27DED7DF}
		{A8630963-52BA-40CA-884C-A75AFE415A91} = {55BBEDC2-0252-433C-90D6-6455331D8E9A}
	EndGlobalSection
EndGlobal
