
Microsoft Visual Studio Solution File, Format Version 12.00
# Visual Studio Version 16
VisualStudioVersion = 16.0.30320.27
MinimumVisualStudioVersion = 10.0.40219.1
Project("{FAE04EC0-301F-11D3-BF4B-00C04F79EFBC}") = "TopTenPopulations_ReadFromCSV", "TopTenPopulations_ReadFromCSV\TopTenPopulations_ReadFromCSV.csproj", "{2374DC9A-E65F-4646-B461-D6373F57431F}"
EndProject
Global
	GlobalSection(SolutionConfigurationPlatforms) = preSolution
		Debug|Any CPU = Debug|Any CPU
		Release|Any CPU = Release|Any CPU
	EndGlobalSection
	GlobalSection(ProjectConfigurationPlatforms) = postSolution
		{2374DC9A-E65F-4646-B461-D6373F57431F}.Debug|Any CPU.ActiveCfg = Debug|Any CPU
		{2374DC9A-E65F-4646-B461-D6373F57431F}.Debug|Any CPU.Build.0 = Debug|Any CPU
		{2374DC9A-E65F-4646-B461-D6373F57431F}.Release|Any CPU.ActiveCfg = Release|Any CPU
		{2374DC9A-E65F-4646-B461-D6373F57431F}.Release|Any CPU.Build.0 = Release|Any CPU
	EndGlobalSection
	GlobalSection(SolutionProperties) = preSolution
		HideSolutionNode = FALSE
	EndGlobalSection
	GlobalSection(ExtensibilityGlobals) = postSolution
		SolutionGuid = {77D05DEC-FF0A-4C8F-B976-261400E07D77}
	EndGlobalSection
EndGlobal
